// !$*UTF8*$!
{
	archiveVersion = 1;
	classes = {
	};
	objectVersion = 50;
	objects = {

/* Begin PBXBuildFile section */
		6F4EE1752182BBD500035300 /* AppDelegate.swift in Sources */ = {isa = PBXBuildFile; fileRef = 6F4EE1742182BBD500035300 /* AppDelegate.swift */; };
		6F4EE1772182BBD500035300 /* ViewController.swift in Sources */ = {isa = PBXBuildFile; fileRef = 6F4EE1762182BBD500035300 /* ViewController.swift */; };
		6F4EE17A2182BBD500035300 /* Main.storyboard in Resources */ = {isa = PBXBuildFile; fileRef = 6F4EE1782182BBD500035300 /* Main.storyboard */; };
		6F4EE17C2182BBDF00035300 /* Assets.xcassets in Resources */ = {isa = PBXBuildFile; fileRef = 6F4EE17B2182BBDF00035300 /* Assets.xcassets */; };
		6F4EE17F2182BBDF00035300 /* LaunchScreen.storyboard in Resources */ = {isa = PBXBuildFile; fileRef = 6F4EE17D2182BBDF00035300 /* LaunchScreen.storyboard */; };
		6F4EE18A2182BBDF00035300 /* DemoIOSTests.swift in Sources */ = {isa = PBXBuildFile; fileRef = 6F4EE1892182BBDF00035300 /* DemoIOSTests.swift */; };
		6F4EE1952182BBDF00035300 /* DemoIOSUITests.swift in Sources */ = {isa = PBXBuildFile; fileRef = 6F4EE1942182BBDF00035300 /* DemoIOSUITests.swift */; };
/* End PBXBuildFile section */

/* Begin PBXContainerItemProxy section */
		6F4EE1862182BBDF00035300 /* PBXContainerItemProxy */ = {
			isa = PBXContainerItemProxy;
			containerPortal = 6F4EE1692182BBD500035300 /* Project object */;
			proxyType = 1;
			remoteGlobalIDString = 6F4EE1702182BBD500035300;
			remoteInfo = DemoIOS;
		};
		6F4EE1912182BBDF00035300 /* PBXContainerItemProxy */ = {
			isa = PBXContainerItemProxy;
			containerPortal = 6F4EE1692182BBD500035300 /* Project object */;
			proxyType = 1;
			remoteGlobalIDString = 6F4EE1702182BBD500035300;
			remoteInfo = DemoIOS;
		};
/* End PBXContainerItemProxy section */

/* Begin PBXFileReference section */
		6F4EE1712182BBD500035300 /* DemoIOS.app */ = {isa = PBXFileReference; explicitFileType = wrapper.application; includeInIndex = 0; path = DemoIOS.app; sourceTree = BUILT_PRODUCTS_DIR; };
		6F4EE1742182BBD500035300 /* AppDelegate.swift */ = {isa = PBXFileReference; lastKnownFileType = sourcecode.swift; path = AppDelegate.swift; sourceTree = "<group>"; };
		6F4EE1762182BBD500035300 /* ViewController.swift */ = {isa = PBXFileReference; lastKnownFileType = sourcecode.swift; path = ViewController.swift; sourceTree = "<group>"; };
		6F4EE1792182BBD500035300 /* Base */ = {isa = PBXFileReference; lastKnownFileType = file.storyboard; name = Base; path = Base.lproj/Main.storyboard; sourceTree = "<group>"; };
		6F4EE17B2182BBDF00035300 /* Assets.xcassets */ = {isa = PBXFileReference; lastKnownFileType = folder.assetcatalog; path = Assets.xcassets; sourceTree = "<group>"; };
		6F4EE17E2182BBDF00035300 /* Base */ = {isa = PBXFileReference; lastKnownFileType = file.storyboard; name = Base; path = Base.lproj/LaunchScreen.storyboard; sourceTree = "<group>"; };
		6F4EE1802182BBDF00035300 /* Info.plist */ = {isa = PBXFileReference; lastKnownFileType = text.plist.xml; path = Info.plist; sourceTree = "<group>"; };
		6F4EE1852182BBDF00035300 /* DemoIOSTests.xctest */ = {isa = PBXFileReference; explicitFileType = wrapper.cfbundle; includeInIndex = 0; path = DemoIOSTests.xctest; sourceTree = BUILT_PRODUCTS_DIR; };
		6F4EE1892182BBDF00035300 /* DemoIOSTests.swift */ = {isa = PBXFileReference; lastKnownFileType = sourcecode.swift; path = DemoIOSTests.swift; sourceTree = "<group>"; };
		6F4EE18B2182BBDF00035300 /* Info.plist */ = {isa = PBXFileReference; lastKnownFileType = text.plist.xml; path = Info.plist; sourceTree = "<group>"; };
		6F4EE1902182BBDF00035300 /* DemoIOSUITests.xctest */ = {isa = PBXFileReference; explicitFileType = wrapper.cfbundle; includeInIndex = 0; path = DemoIOSUITests.xctest; sourceTree = BUILT_PRODUCTS_DIR; };
		6F4EE1942182BBDF00035300 /* DemoIOSUITests.swift */ = {isa = PBXFileReference; lastKnownFileType = sourcecode.swift; path = DemoIOSUITests.swift; sourceTree = "<group>"; };
		6F4EE1962182BBDF00035300 /* Info.plist */ = {isa = PBXFileReference; lastKnownFileType = text.plist.xml; path = Info.plist; sourceTree = "<group>"; };
/* End PBXFileReference section */

/* Begin PBXFrameworksBuildPhase section */
		6F4EE16E2182BBD500035300 /* Frameworks */ = {
			isa = PBXFrameworksBuildPhase;
			buildActionMask = 2147483647;
			files = (
			);
			runOnlyForDeploymentPostprocessing = 0;
		};
		6F4EE1822182BBDF00035300 /* Frameworks */ = {
			isa = PBXFrameworksBuildPhase;
			buildActionMask = 2147483647;
			files = (
			);
			runOnlyForDeploymentPostprocessing = 0;
		};
		6F4EE18D2182BBDF00035300 /* Frameworks */ = {
			isa = PBXFrameworksBuildPhase;
			buildActionMask = 2147483647;
			files = (
			);
			runOnlyForDeploymentPostprocessing = 0;
		};
/* End PBXFrameworksBuildPhase section */

/* Begin PBXGroup section */
		6F4EE1682182BBD500035300 = {
			isa = PBXGroup;
			children = (
				6F4EE1732182BBD500035300 /* DemoIOS */,
				6F4EE1882182BBDF00035300 /* DemoIOSTests */,
				6F4EE1932182BBDF00035300 /* DemoIOSUITests */,
				6F4EE1722182BBD500035300 /* Products */,
			);
			sourceTree = "<group>";
		};
		6F4EE1722182BBD500035300 /* Products */ = {
			isa = PBXGroup;
			children = (
				6F4EE1712182BBD500035300 /* DemoIOS.app */,
				6F4EE1852182BBDF00035300 /* DemoIOSTests.xctest */,
				6F4EE1902182BBDF00035300 /* DemoIOSUITests.xctest */,
			);
			name = Products;
			sourceTree = "<group>";
		};
		6F4EE1732182BBD500035300 /* DemoIOS */ = {
			isa = PBXGroup;
			children = (
				6F4EE1742182BBD500035300 /* AppDelegate.swift */,
				6F4EE1762182BBD500035300 /* ViewController.swift */,
				6F4EE1782182BBD500035300 /* Main.storyboard */,
				6F4EE17B2182BBDF00035300 /* Assets.xcassets */,
				6F4EE17D2182BBDF00035300 /* LaunchScreen.storyboard */,
				6F4EE1802182BBDF00035300 /* Info.plist */,
			);
			path = DemoIOS;
			sourceTree = "<group>";
		};
		6F4EE1882182BBDF00035300 /* DemoIOSTests */ = {
			isa = PBXGroup;
			children = (
				6F4EE1892182BBDF00035300 /* DemoIOSTests.swift */,
				6F4EE18B2182BBDF00035300 /* Info.plist */,
			);
			path = DemoIOSTests;
			sourceTree = "<group>";
		};
		6F4EE1932182BBDF00035300 /* DemoIOSUITests */ = {
			isa = PBXGroup;
			children = (
				6F4EE1942182BBDF00035300 /* DemoIOSUITests.swift */,
				6F4EE1962182BBDF00035300 /* Info.plist */,
			);
			path = DemoIOSUITests;
			sourceTree = "<group>";
		};
/* End PBXGroup section */

/* Begin PBXNativeTarget section */
		6F4EE1702182BBD500035300 /* DemoIOS */ = {
			isa = PBXNativeTarget;
			buildConfigurationList = 6F4EE1992182BBDF00035300 /* Build configuration list for PBXNativeTarget "DemoIOS" */;
			buildPhases = (
				6F4EE16D2182BBD500035300 /* Sources */,
				6F4EE16E2182BBD500035300 /* Frameworks */,
				6F4EE16F2182BBD500035300 /* Resources */,
			);
			buildRules = (
			);
			dependencies = (
			);
			name = DemoIOS;
			productName = DemoIOS;
			productReference = 6F4EE1712182BBD500035300 /* DemoIOS.app */;
			productType = "com.apple.product-type.application";
		};
		6F4EE1842182BBDF00035300 /* DemoIOSTests */ = {
			isa = PBXNativeTarget;
			buildConfigurationList = 6F4EE19C2182BBDF00035300 /* Build configuration list for PBXNativeTarget "DemoIOSTests" */;
			buildPhases = (
				6F4EE1812182BBDF00035300 /* Sources */,
				6F4EE1822182BBDF00035300 /* Frameworks */,
				6F4EE1832182BBDF00035300 /* Resources */,
			);
			buildRules = (
			);
			dependencies = (
				6F4EE1872182BBDF00035300 /* PBXTargetDependency */,
			);
			name = DemoIOSTests;
			productName = DemoIOSTests;
			productReference = 6F4EE1852182BBDF00035300 /* DemoIOSTests.xctest */;
			productType = "com.apple.product-type.bundle.unit-test";
		};
		6F4EE18F2182BBDF00035300 /* DemoIOSUITests */ = {
			isa = PBXNativeTarget;
			buildConfigurationList = 6F4EE19F2182BBDF00035300 /* Build configuration list for PBXNativeTarget "DemoIOSUITests" */;
			buildPhases = (
				6F4EE18C2182BBDF00035300 /* Sources */,
				6F4EE18D2182BBDF00035300 /* Frameworks */,
				6F4EE18E2182BBDF00035300 /* Resources */,
			);
			buildRules = (
			);
			dependencies = (
				6F4EE1922182BBDF00035300 /* PBXTargetDependency */,
			);
			name = DemoIOSUITests;
			productName = DemoIOSUITests;
			productReference = 6F4EE1902182BBDF00035300 /* DemoIOSUITests.xctest */;
			productType = "com.apple.product-type.bundle.ui-testing";
		};
/* End PBXNativeTarget section */

/* Begin PBXProject section */
		6F4EE1692182BBD500035300 /* Project object */ = {
			isa = PBXProject;
			attributes = {
				LastSwiftUpdateCheck = 0940;
				LastUpgradeCheck = 0940;
				ORGANIZATIONNAME = doan.van.toan;
				TargetAttributes = {
					6F4EE1702182BBD500035300 = {
						CreatedOnToolsVersion = 9.4;
					};
					6F4EE1842182BBDF00035300 = {
						CreatedOnToolsVersion = 9.4;
						TestTargetID = 6F4EE1702182BBD500035300;
					};
					6F4EE18F2182BBDF00035300 = {
						CreatedOnToolsVersion = 9.4;
						TestTargetID = 6F4EE1702182BBD500035300;
					};
				};
			};
			buildConfigurationList = 6F4EE16C2182BBD500035300 /* Build configuration list for PBXProject "DemoIOS" */;
			compatibilityVersion = "Xcode 9.3";
			developmentRegion = en;
			hasScannedForEncodings = 0;
			knownRegions = (
				en,
				Base,
			);
			mainGroup = 6F4EE1682182BBD500035300;
			productRefGroup = 6F4EE1722182BBD500035300 /* Products */;
			projectDirPath = "";
			projectRoot = "";
			targets = (
				6F4EE1702182BBD500035300 /* DemoIOS */,
				6F4EE1842182BBDF00035300 /* DemoIOSTests */,
				6F4EE18F2182BBDF00035300 /* DemoIOSUITests */,
			);
		};
/* End PBXProject section */

/* Begin PBXResourcesBuildPhase section */
		6F4EE16F2182BBD500035300 /* Resources */ = {
			isa = PBXResourcesBuildPhase;
			buildActionMask = 2147483647;
			files = (
				6F4EE17F2182BBDF00035300 /* LaunchScreen.storyboard in Resources */,
				6F4EE17C2182BBDF00035300 /* Assets.xcassets in Resources */,
				6F4EE17A2182BBD500035300 /* Main.storyboard in Resources */,
			);
			runOnlyForDeploymentPostprocessing = 0;
		};
		6F4EE1832182BBDF00035300 /* Resources */ = {
			isa = PBXResourcesBuildPhase;
			buildActionMask = 2147483647;
			files = (
			);
			runOnlyForDeploymentPostprocessing = 0;
		};
		6F4EE18E2182BBDF00035300 /* Resources */ = {
			isa = PBXResourcesBuildPhase;
			buildActionMask = 2147483647;
			files = (
			);
			runOnlyForDeploymentPostprocessing = 0;
		};
/* End PBXResourcesBuildPhase section */

/* Begin PBXSourcesBuildPhase section */
		6F4EE16D2182BBD500035300 /* Sources */ = {
			isa = PBXSourcesBuildPhase;
			buildActionMask = 2147483647;
			files = (
				6F4EE1772182BBD500035300 /* ViewController.swift in Sources */,
				6F4EE1752182BBD500035300 /* AppDelegate.swift in Sources */,
			);
			runOnlyForDeploymentPostprocessing = 0;
		};
		6F4EE1812182BBDF00035300 /* Sources */ = {
			isa = PBXSourcesBuildPhase;
			buildActionMask = 2147483647;
			files = (
				6F4EE18A2182BBDF00035300 /* DemoIOSTests.swift in Sources */,
			);
			runOnlyForDeploymentPostprocessing = 0;
		};
		6F4EE18C2182BBDF00035300 /* Sources */ = {
			isa = PBXSourcesBuildPhase;
			buildActionMask = 2147483647;
			files = (
				6F4EE1952182BBDF00035300 /* DemoIOSUITests.swift in Sources */,
			);
			runOnlyForDeploymentPostprocessing = 0;
		};
/* End PBXSourcesBuildPhase section */

/* Begin PBXTargetDependency section */
		6F4EE1872182BBDF00035300 /* PBXTargetDependency */ = {
			isa = PBXTargetDependency;
			target = 6F4EE1702182BBD500035300 /* DemoIOS */;
			targetProxy = 6F4EE1862182BBDF00035300 /* PBXContainerItemProxy */;
		};
		6F4EE1922182BBDF00035300 /* PBXTargetDependency */ = {
			isa = PBXTargetDependency;
			target = 6F4EE1702182BBD500035300 /* DemoIOS */;
			targetProxy = 6F4EE1912182BBDF00035300 /* PBXContainerItemProxy */;
		};
/* End PBXTargetDependency section */

/* Begin PBXVariantGroup section */
		6F4EE1782182BBD500035300 /* Main.storyboard */ = {
			isa = PBXVariantGroup;
			children = (
				6F4EE1792182BBD500035300 /* Base */,
			);
			name = Main.storyboard;
			sourceTree = "<group>";
		};
		6F4EE17D2182BBDF00035300 /* LaunchScreen.storyboard */ = {
			isa = PBXVariantGroup;
			children = (
				6F4EE17E2182BBDF00035300 /* Base */,
			);
			name = LaunchScreen.storyboard;
			sourceTree = "<group>";
		};
/* End PBXVariantGroup section */

/* Begin XCBuildConfiguration section */
		6F4EE1972182BBDF00035300 /* Debug */ = {
			isa = XCBuildConfiguration;
			buildSettings = {
				ALWAYS_SEARCH_USER_PATHS = NO;
				CLANG_ANALYZER_NONNULL = YES;
				CLANG_ANALYZER_NUMBER_OBJECT_CONVERSION = YES_AGGRESSIVE;
				CLANG_CXX_LANGUAGE_STANDARD = "gnu++14";
				CLANG_CXX_LIBRARY = "libc++";
				CLANG_ENABLE_MODULES = YES;
				CLANG_ENABLE_OBJC_ARC = YES;
				CLANG_ENABLE_OBJC_WEAK = YES;
				CLANG_WARN_BLOCK_CAPTURE_AUTORELEASING = YES;
				CLANG_WARN_BOOL_CONVERSION = YES;
				CLANG_WARN_COMMA = YES;
				CLANG_WARN_CONSTANT_CONVERSION = YES;
				CLANG_WARN_DEPRECATED_OBJC_IMPLEMENTATIONS = YES;
				CLANG_WARN_DIRECT_OBJC_ISA_USAGE = YES_ERROR;
				CLANG_WARN_DOCUMENTATION_COMMENTS = YES;
				CLANG_WARN_EMPTY_BODY = YES;
				CLANG_WARN_ENUM_CONVERSION = YES;
				CLANG_WARN_INFINITE_RECURSION = YES;
				CLANG_WARN_INT_CONVERSION = YES;
				CLANG_WARN_NON_LITERAL_NULL_CONVERSION = YES;
				CLANG_WARN_OBJC_IMPLICIT_RETAIN_SELF = YES;
				CLANG_WARN_OBJC_LITERAL_CONVERSION = YES;
				CLANG_WARN_OBJC_ROOT_CLASS = YES_ERROR;
				CLANG_WARN_RANGE_LOOP_ANALYSIS = YES;
				CLANG_WARN_STRICT_PROTOTYPES = YES;
				CLANG_WARN_SUSPICIOUS_MOVE = YES;
				CLANG_WARN_UNGUARDED_AVAILABILITY = YES_AGGRESSIVE;
				CLANG_WARN_UNREACHABLE_CODE = YES;
				CLANG_WARN__DUPLICATE_METHOD_MATCH = YES;
				CODE_SIGN_IDENTITY = "iPhone Developer";
				COPY_PHASE_STRIP = NO;
				DEBUG_INFORMATION_FORMAT = dwarf;
				ENABLE_STRICT_OBJC_MSGSEND = YES;
				ENABLE_TESTABILITY = YES;
				GCC_C_LANGUAGE_STANDARD = gnu11;
				GCC_DYNAMIC_NO_PIC = NO;
				GCC_NO_COMMON_BLOCKS = YES;
				GCC_OPTIMIZATION_LEVEL = 0;
				GCC_PREPROCESSOR_DEFINITIONS = (
					"DEBUG=1",
					"$(inherited)",
				);
				GCC_WARN_64_TO_32_BIT_CONVERSION = YES;
				GCC_WARN_ABOUT_RETURN_TYPE = YES_ERROR;
				GCC_WARN_UNDECLARED_SELECTOR = YES;
				GCC_WARN_UNINITIALIZED_AUTOS = YES_AGGRESSIVE;
				GCC_WARN_UNUSED_FUNCTION = YES;
				GCC_WARN_UNUSED_VARIABLE = YES;
				IPHONEOS_DEPLOYMENT_TARGET = 11.4;
				MTL_ENABLE_DEBUG_INFO = YES;
				ONLY_ACTIVE_ARCH = YES;
				SDKROOT = iphoneos;
				SWIFT_ACTIVE_COMPILATION_CONDITIONS = DEBUG;
				SWIFT_OPTIMIZATION_LEVEL = "-Onone";
			};
			name = Debug;
		};
		6F4EE1982182BBDF00035300 /* Release */ = {
			isa = XCBuildConfiguration;
			buildSettings = {
				ALWAYS_SEARCH_USER_PATHS = NO;
				CLANG_ANALYZER_NONNULL = YES;
				CLANG_ANALYZER_NUMBER_OBJECT_CONVERSION = YES_AGGRESSIVE;
				CLANG_CXX_LANGUAGE_STANDARD = "gnu++14";
				CLANG_CXX_LIBRARY = "libc++";
				CLANG_ENABLE_MODULES = YES;
				CLANG_ENABLE_OBJC_ARC = YES;
				CLANG_ENABLE_OBJC_WEAK = YES;
				CLANG_WARN_BLOCK_CAPTURE_AUTORELEASING = YES;
				CLANG_WARN_BOOL_CONVERSION = YES;
				CLANG_WARN_COMMA = YES;
				CLANG_WARN_CONSTANT_CONVERSION = YES;
				CLANG_WARN_DEPRECATED_OBJC_IMPLEMENTATIONS = YES;
				CLANG_WARN_DIRECT_OBJC_ISA_USAGE = YES_ERROR;
				CLANG_WARN_DOCUMENTATION_COMMENTS = YES;
				CLANG_WARN_EMPTY_BODY = YES;
				CLANG_WARN_ENUM_CONVERSION = YES;
				CLANG_WARN_INFINITE_RECURSION = YES;
				CLANG_WARN_INT_CONVERSION = YES;
				CLANG_WARN_NON_LITERAL_NULL_CONVERSION = YES;
				CLANG_WARN_OBJC_IMPLICIT_RETAIN_SELF = YES;
				CLANG_WARN_OBJC_LITERAL_CONVERSION = YES;
				CLANG_WARN_OBJC_ROOT_CLASS = YES_ERROR;
				CLANG_WARN_RANGE_LOOP_ANALYSIS = YES;
				CLANG_WARN_STRICT_PROTOTYPES = YES;
				CLANG_WARN_SUSPICIOUS_MOVE = YES;
				CLANG_WARN_UNGUARDED_AVAILABILITY = YES_AGGRESSIVE;
				CLANG_WARN_UNREACHABLE_CODE = YES;
				CLANG_WARN__DUPLICATE_METHOD_MATCH = YES;
				CODE_SIGN_IDENTITY = "iPhone Developer";
				COPY_PHASE_STRIP = NO;
				DEBUG_INFORMATION_FORMAT = "dwarf-with-dsym";
				ENABLE_NS_ASSERTIONS = NO;
				ENABLE_STRICT_OBJC_MSGSEND = YES;
				GCC_C_LANGUAGE_STANDARD = gnu11;
				GCC_NO_COMMON_BLOCKS = YES;
				GCC_WARN_64_TO_32_BIT_CONVERSION = YES;
				GCC_WARN_ABOUT_RETURN_TYPE = YES_ERROR;
				GCC_WARN_UNDECLARED_SELECTOR = YES;
				GCC_WARN_UNINITIALIZED_AUTOS = YES_AGGRESSIVE;
				GCC_WARN_UNUSED_FUNCTION = YES;
				GCC_WARN_UNUSED_VARIABLE = YES;
				IPHONEOS_DEPLOYMENT_TARGET = 11.4;
				MTL_ENABLE_DEBUG_INFO = NO;
				SDKROOT = iphoneos;
				SWIFT_COMPILATION_MODE = wholemodule;
				SWIFT_OPTIMIZATION_LEVEL = "-O";
				VALIDATE_PRODUCT = YES;
			};
			name = Release;
		};
		6F4EE19A2182BBDF00035300 /* Debug */ = {
			isa = XCBuildConfiguration;
			buildSettings = {
				ASSETCATALOG_COMPILER_APPICON_NAME = AppIcon;
				CODE_SIGN_STYLE = Automatic;
				DEVELOPMENT_TEAM = SHYTCSHP5R;
				INFOPLIST_FILE = DemoIOS/Info.plist;
				LD_RUNPATH_SEARCH_PATHS = (
					"$(inherited)",
					"@executable_path/Frameworks",
				);
				PRODUCT_BUNDLE_IDENTIFIER = doan.van.toan.DemoIOS;
				PRODUCT_NAME = "$(TARGET_NAME)";
				SWIFT_VERSION = 4.0;
				TARGETED_DEVICE_FAMILY = "1,2";
			};
			name = Debug;
		};
		6F4EE19B2182BBDF00035300 /* Release */ = {
			isa = XCBuildConfiguration;
			buildSettings = {
				ASSETCATALOG_COMPILER_APPICON_NAME = AppIcon;
				CODE_SIGN_STYLE = Automatic;
				DEVELOPMENT_TEAM = SHYTCSHP5R;
				INFOPLIST_FILE = DemoIOS/Info.plist;
				LD_RUNPATH_SEARCH_PATHS = (
					"$(inherited)",
					"@executable_path/Frameworks",
				);
				PRODUCT_BUNDLE_IDENTIFIER = doan.van.toan.DemoIOS;
				PRODUCT_NAME = "$(TARGET_NAME)";
				SWIFT_VERSION = 4.0;
				TARGETED_DEVICE_FAMILY = "1,2";
			};
			name = Release;
		};
		6F4EE19D2182BBDF00035300 /* Debug */ = {
			isa = XCBuildConfiguration;
			buildSettings = {
				ALWAYS_EMBED_SWIFT_STANDARD_LIBRARIES = YES;
				BUNDLE_LOADER = "$(TEST_HOST)";
				CODE_SIGN_STYLE = Automatic;
				DEVELOPMENT_TEAM = SHYTCSHP5R;
				INFOPLIST_FILE = DemoIOSTests/Info.plist;
				LD_RUNPATH_SEARCH_PATHS = (
					"$(inherited)",
					"@executable_path/Frameworks",
					"@loader_path/Frameworks",
				);
				PRODUCT_BUNDLE_IDENTIFIER = doan.van.toan.DemoIOSTests;
				PRODUCT_NAME = "$(TARGET_NAME)";
				SWIFT_VERSION = 4.0;
				TARGETED_DEVICE_FAMILY = "1,2";
				TEST_HOST = "$(BUILT_PRODUCTS_DIR)/DemoIOS.app/DemoIOS";
			};
			name = Debug;
		};
		6F4EE19E2182BBDF00035300 /* Release */ = {
			isa = XCBuildConfiguration;
			buildSettings = {
				ALWAYS_EMBED_SWIFT_STANDARD_LIBRARIES = YES;
				BUNDLE_LOADER = "$(TEST_HOST)";
				CODE_SIGN_STYLE = Automatic;
				DEVELOPMENT_TEAM = SHYTCSHP5R;
				INFOPLIST_FILE = DemoIOSTests/Info.plist;
				LD_RUNPATH_SEARCH_PATHS = (
					"$(inherited)",
					"@executable_path/Frameworks",
					"@loader_path/Frameworks",
				);
				PRODUCT_BUNDLE_IDENTIFIER = doan.van.toan.DemoIOSTests;
				PRODUCT_NAME = "$(TARGET_NAME)";
				SWIFT_VERSION = 4.0;
				TARGETED_DEVICE_FAMILY = "1,2";
				TEST_HOST = "$(BUILT_PRODUCTS_DIR)/DemoIOS.app/DemoIOS";
			};
			name = Release;
		};
		6F4EE1A02182BBDF00035300 /* Debug */ = {
			isa = XCBuildConfiguration;
			buildSettings = {
				ALWAYS_EMBED_SWIFT_STANDARD_LIBRARIES = YES;
				CODE_SIGN_STYLE = Automatic;
				DEVELOPMENT_TEAM = SHYTCSHP5R;
				INFOPLIST_FILE = DemoIOSUITests/Info.plist;
				LD_RUNPATH_SEARCH_PATHS = (
					"$(inherited)",
					"@executable_path/Frameworks",
					"@loader_path/Frameworks",
				);
				PRODUCT_BUNDLE_IDENTIFIER = doan.van.toan.DemoIOSUITests;
				PRODUCT_NAME = "$(TARGET_NAME)";
				SWIFT_VERSION = 4.0;
				TARGETED_DEVICE_FAMILY = "1,2";
				TEST_TARGET_NAME = DemoIOS;
			};
			name = Debug;
		};
		6F4EE1A12182BBDF00035300 /* Release */ = {
			isa = XCBuildConfiguration;
			buildSettings = {
				ALWAYS_EMBED_SWIFT_STANDARD_LIBRARIES = YES;
				CODE_SIGN_STYLE = Automatic;
				DEVELOPMENT_TEAM = SHYTCSHP5R;
				INFOPLIST_FILE = DemoIOSUITests/Info.plist;
				LD_RUNPATH_SEARCH_PATHS = (
					"$(inherited)",
					"@executable_path/Frameworks",
					"@loader_path/Frameworks",
				);
				PRODUCT_BUNDLE_IDENTIFIER = doan.van.toan.DemoIOSUITests;
				PRODUCT_NAME = "$(TARGET_NAME)";
				SWIFT_VERSION = 4.0;
				TARGETED_DEVICE_FAMILY = "1,2";
				TEST_TARGET_NAME = DemoIOS;
			};
			name = Release;
		};
/* End XCBuildConfiguration section */

/* Begin XCConfigurationList section */
		6F4EE16C2182BBD500035300 /* Build configuration list for PBXProject "DemoIOS" */ = {
			isa = XCConfigurationList;
			buildConfigurations = (
				6F4EE1972182BBDF00035300 /* Debug */,
				6F4EE1982182BBDF00035300 /* Release */,
			);
			defaultConfigurationIsVisible = 0;
			defaultConfigurationName = Release;
		};
		6F4EE1992182BBDF00035300 /* Build configuration list for PBXNativeTarget "DemoIOS" */ = {
			isa = XCConfigurationList;
			buildConfigurations = (
				6F4EE19A2182BBDF00035300 /* Debug */,
				6F4EE19B2182BBDF00035300 /* Release */,
			);
			defaultConfigurationIsVisible = 0;
			defaultConfigurationName = Release;
		};
		6F4EE19C2182BBDF00035300 /* Build configuration list for PBXNativeTarget "DemoIOSTests" */ = {
			isa = XCConfigurationList;
			buildConfigurations = (
				6F4EE19D2182BBDF00035300 /* Debug */,
				6F4EE19E2182BBDF00035300 /* Release */,
			);
			defaultConfigurationIsVisible = 0;
			defaultConfigurationName = Release;
		};
		6F4EE19F2182BBDF00035300 /* Build configuration list for PBXNativeTarget "DemoIOSUITests" */ = {
			isa = XCConfigurationList;
			buildConfigurations = (
				6F4EE1A02182BBDF00035300 /* Debug */,
				6F4EE1A12182BBDF00035300 /* Release */,
			);
			defaultConfigurationIsVisible = 0;
			defaultConfigurationName = Release;
		};
/* End XCConfigurationList section */
	};
	rootObject = 6F4EE1692182BBD500035300 /* Project object */;
}
